
Microsoft Visual Studio Solution File, Format Version 12.00
# Visual Studio 2013
VisualStudioVersion = 12.0.21005.1
MinimumVisualStudioVersion = 10.0.40219.1
Project("{FAE04EC0-301F-11D3-BF4B-00C04F79EFBC}") = "website", "website\website.csproj", "{FEFE2B66-8A43-4579-9DC2-81DD1277529E}"
EndProject
Project("{FAE04EC0-301F-11D3-BF4B-00C04F79EFBC}") = "dao", "dao\dao.csproj", "{6B209461-0020-4C82-9178-60CC95388551}"
EndProject
Project("{FAE04EC0-301F-11D3-BF4B-00C04F79EFBC}") = "modal", "modal\modal.csproj", "{AB6A352D-FE1B-4A56-BDCF-A733B0E553DF}"
EndProject
Global
	GlobalSection(SolutionConfigurationPlatforms) = preSolution
		Debug|Any CPU = Debug|Any CPU
		Release|Any CPU = Release|Any CPU
	EndGlobalSection
	GlobalSection(ProjectConfigurationPlatforms) = postSolution
		{FEFE2B66-8A43-4579-9DC2-81DD1277529E}.Debug|Any CPU.ActiveCfg = Debug|Any CPU
		{FEFE2B66-8A43-4579-9DC2-81DD1277529E}.Debug|Any CPU.Build.0 = Debug|Any CPU
		{FEFE2B66-8A43-4579-9DC2-81DD1277529E}.Release|Any CPU.ActiveCfg = Release|Any CPU
		{FEFE2B66-8A43-4579-9DC2-81DD1277529E}.Release|Any CPU.Build.0 = Release|Any CPU
		{6B209461-0020-4C82-9178-60CC95388551}.Debug|Any CPU.ActiveCfg = Debug|Any CPU
		{6B209461-0020-4C82-9178-60CC95388551}.Debug|Any CPU.Build.0 = Debug|Any CPU
		{6B209461-0020-4C82-9178-60CC95388551}.Release|Any CPU.ActiveCfg = Release|Any CPU
		{6B209461-0020-4C82-9178-60CC95388551}.Release|Any CPU.Build.0 = Release|Any CPU
		{AB6A352D-FE1B-4A56-BDCF-A733B0E553DF}.Debug|Any CPU.ActiveCfg = Debug|Any CPU
		{AB6A352D-FE1B-4A56-BDCF-A733B0E553DF}.Debug|Any CPU.Build.0 = Debug|Any CPU
		{AB6A352D-FE1B-4A56-BDCF-A733B0E553DF}.Release|Any CPU.ActiveCfg = Release|Any CPU
		{AB6A352D-FE1B-4A56-BDCF-A733B0E553DF}.Release|Any CPU.Build.0 = Release|Any CPU
	EndGlobalSection
	GlobalSection(SolutionProperties) = preSolution
		HideSolutionNode = FALSE
	EndGlobalSection
EndGlobal
